
Microsoft Visual Studio Solution File, Format Version 12.00
# Visual Studio Version 17
VisualStudioVersion = 17.3.32819.101
MinimumVisualStudioVersion = 10.0.40219.1
Project("{8BC9CEB8-8B4A-11D0-8D11-00A0C91BC942}") = "OpenVR-SpaceCalibrator", "OpenVR-SpaceCalibrator\OpenVR-SpaceCalibrator.vcxproj", "{63BAE169-D595-4464-8E7E-50D6FD379348}"
EndProject
Project("{8BC9CEB8-8B4A-11D0-8D11-00A0C91BC942}") = "OpenVR-SpaceCalibratorDriver", "OpenVR-SpaceCalibratorDriver\OpenVR-SpaceCalibratorDriver.vcxproj", "{A61324AD-CE32-46D1-A95E-7E28A6D8CCA7}"
	ProjectSection(ProjectDependencies) = postProject
		{F142A341-5EE0-442D-A15F-98AE9B48DBAE} = {F142A341-5EE0-442D-A15F-98AE9B48DBAE}
	EndProjectSection
EndProject
Project("{8BC9CEB8-8B4A-11D0-8D11-00A0C91BC942}") = "libMinHook", "lib\minhook\build\VC16\libMinHook.vcxproj", "{F142A341-5EE0-442D-A15F-98AE9B48DBAE}"
EndProject
Global
	GlobalSection(SolutionConfigurationPlatforms) = preSolution
		Debug|x64 = Debug|x64
		Debug|x86 = Debug|x86
		Release|x64 = Release|x64
		Release|x86 = Release|x86
	EndGlobalSection
	GlobalSection(ProjectConfigurationPlatforms) = postSolution
		{63BAE169-D595-4464-8E7E-50D6FD379348}.Debug|x64.ActiveCfg = Debug|x64
		{63BAE169-D595-4464-8E7E-50D6FD379348}.Debug|x64.Build.0 = Debug|x64
		{63BAE169-D595-4464-8E7E-50D6FD379348}.Debug|x86.ActiveCfg = Debug|x64
		{63BAE169-D595-4464-8E7E-50D6FD379348}.Debug|x86.Build.0 = Debug|x64
		{63BAE169-D595-4464-8E7E-50D6FD379348}.Release|x64.ActiveCfg = Release|x64
		{63BAE169-D595-4464-8E7E-50D6FD379348}.Release|x64.Build.0 = Release|x64
		{63BAE169-D595-4464-8E7E-50D6FD379348}.Release|x86.ActiveCfg = Release|x64
		{63BAE169-D595-4464-8E7E-50D6FD379348}.Release|x86.Build.0 = Release|x64
		{A61324AD-CE32-46D1-A95E-7E28A6D8CCA7}.Debug|x64.ActiveCfg = Debug|x64
		{A61324AD-CE32-46D1-A95E-7E28A6D8CCA7}.Debug|x64.Build.0 = Debug|x64
		{A61324AD-CE32-46D1-A95E-7E28A6D8CCA7}.Debug|x86.ActiveCfg = Debug|x64
		{A61324AD-CE32-46D1-A95E-7E28A6D8CCA7}.Debug|x86.Build.0 = Debug|x64
		{A61324AD-CE32-46D1-A95E-7E28A6D8CCA7}.Release|x64.ActiveCfg = Release|x64
		{A61324AD-CE32-46D1-A95E-7E28A6D8CCA7}.Release|x64.Build.0 = Release|x64
		{A61324AD-CE32-46D1-A95E-7E28A6D8CCA7}.Release|x86.ActiveCfg = Release|x64
		{A61324AD-CE32-46D1-A95E-7E28A6D8CCA7}.Release|x86.Build.0 = Release|x64
		{F142A341-5EE0-442D-A15F-98AE9B48DBAE}.Debug|x64.ActiveCfg = Debug|x64
		{F142A341-5EE0-442D-A15F-98AE9B48DBAE}.Debug|x64.Build.0 = Debug|x64
		{F142A341-5EE0-442D-A15F-98AE9B48DBAE}.Debug|x86.ActiveCfg = Debug|Win32
		{F142A341-5EE0-442D-A15F-98AE9B48DBAE}.Debug|x86.Build.0 = Debug|Win32
		{F142A341-5EE0-442D-A15F-98AE9B48DBAE}.Release|x64.ActiveCfg = Release|x64
		{F142A341-5EE0-442D-A15F-98AE9B48DBAE}.Release|x64.Build.0 = Release|x64
		{F142A341-5EE0-442D-A15F-98AE9B48DBAE}.Release|x86.ActiveCfg = Release|Win32
		{F142A341-5EE0-442D-A15F-98AE9B48DBAE}.Release|x86.Build.0 = Release|Win32
	EndGlobalSection
	GlobalSection(SolutionProperties) = preSolution
		HideSolutionNode = FALSE
	EndGlobalSection
	GlobalSection(ExtensibilityGlobals) = postSolution
		SolutionGuid = {BCE727E8-4604-4D4F-B5FF-321A7D7868D6}
	EndGlobalSection
EndGlobal
